PODS:
  - SimplePageSlideView (0.1.0)

DEPENDENCIES:
  - SimplePageSlideView (from `../`)

EXTERNAL SOURCES:
  SimplePageSlideView:
    :path: "../"

SPEC CHECKSUMS:
  SimplePageSlideView: 52d2134d054a5c84fe5310d48621e20dd4966bae

PODFILE CHECKSUM: 3b80a680c4de63060a7c3296a4b5e9a83ff24cec

COCOAPODS: 1.2.1
